// !$*UTF8*$!
{
	archiveVersion = 1;
	classes = {
	};
	objectVersion = 55;
	objects = {

/* Begin PBXBuildFile section */
		250EB31A41694047DCD893FB /* Pods_KConnect.framework in Frameworks */ = {isa = PBXBuildFile; fileRef = F1CC5055D924AEE3CD520F9F /* Pods_KConnect.framework */; };
		5E6D792619D7921E1442680B /* Pods_KConnect_KConnectUITests.framework in Frameworks */ = {isa = PBXBuildFile; fileRef = AB593727886D1F54F17B1A61 /* Pods_KConnect_KConnectUITests.framework */; };
		B6944245ED019A561C95B965 /* Pods_KConnectTests.framework in Frameworks */ = {isa = PBXBuildFile; fileRef = CD165764D44D2F79824A31D9 /* Pods_KConnectTests.framework */; };
		CF271BB629592B6C006ED19C /* EmployeeMainPage.swift in Sources */ = {isa = PBXBuildFile; fileRef = CF271BB529592B6C006ED19C /* EmployeeMainPage.swift */; };
		CF6900A32978D94200B46206 /* EmployeeVacationApplication.swift in Sources */ = {isa = PBXBuildFile; fileRef = CF6900A22978D94200B46206 /* EmployeeVacationApplication.swift */; };
		CF953D8A295604A80036BB97 /* AppDelegate.swift in Sources */ = {isa = PBXBuildFile; fileRef = CF953D89295604A80036BB97 /* AppDelegate.swift */; };
		CF953D8C295604A80036BB97 /* SceneDelegate.swift in Sources */ = {isa = PBXBuildFile; fileRef = CF953D8B295604A80036BB97 /* SceneDelegate.swift */; };
		CF953D8E295604A80036BB97 /* ViewController.swift in Sources */ = {isa = PBXBuildFile; fileRef = CF953D8D295604A80036BB97 /* ViewController.swift */; };
		CF953D91295604A80036BB97 /* Main.storyboard in Resources */ = {isa = PBXBuildFile; fileRef = CF953D8F295604A80036BB97 /* Main.storyboard */; };
		CF953D93295604A90036BB97 /* Assets.xcassets in Resources */ = {isa = PBXBuildFile; fileRef = CF953D92295604A90036BB97 /* Assets.xcassets */; };
		CF953D96295604A90036BB97 /* LaunchScreen.storyboard in Resources */ = {isa = PBXBuildFile; fileRef = CF953D94295604A90036BB97 /* LaunchScreen.storyboard */; };
		CF953DA1295604A90036BB97 /* KConnectTests.swift in Sources */ = {isa = PBXBuildFile; fileRef = CF953DA0295604A90036BB97 /* KConnectTests.swift */; };
		CF953DAB295604A90036BB97 /* KConnectUITests.swift in Sources */ = {isa = PBXBuildFile; fileRef = CF953DAA295604A90036BB97 /* KConnectUITests.swift */; };
		CF953DAD295604A90036BB97 /* KConnectUITestsLaunchTests.swift in Sources */ = {isa = PBXBuildFile; fileRef = CF953DAC295604A90036BB97 /* KConnectUITestsLaunchTests.swift */; };
		CF953DBE29560F1C0036BB97 /* logo.png in Resources */ = {isa = PBXBuildFile; fileRef = CF953DBD29560F1C0036BB97 /* logo.png */; };
		CFA15D5B29568DED0065D893 /* PwdChangeController.swift in Sources */ = {isa = PBXBuildFile; fileRef = CFA15D5A29568DED0065D893 /* PwdChangeController.swift */; };
		CFA15D5E295697DC0065D893 /* LoginModel.swift in Sources */ = {isa = PBXBuildFile; fileRef = CFA15D5D295697DC0065D893 /* LoginModel.swift */; };
		CFA15D60295698CC0065D893 /* UserModel.swift in Sources */ = {isa = PBXBuildFile; fileRef = CFA15D5F295698CC0065D893 /* UserModel.swift */; };
		CFA15D62295699330065D893 /* LoadingService.swift in Sources */ = {isa = PBXBuildFile; fileRef = CFA15D61295699330065D893 /* LoadingService.swift */; };
		CFA15D6729569FAE0065D893 /* EmployeeStoryboard.storyboard in Resources */ = {isa = PBXBuildFile; fileRef = CFA15D6629569FAE0065D893 /* EmployeeStoryboard.storyboard */; };
		CFEC3E75295974B900D77FE3 /* ProfileModel.swift in Sources */ = {isa = PBXBuildFile; fileRef = CFEC3E74295974B900D77FE3 /* ProfileModel.swift */; };
		CFEC3E77295975C500D77FE3 /* VacationHistoryListModel.swift in Sources */ = {isa = PBXBuildFile; fileRef = CFEC3E76295975C500D77FE3 /* VacationHistoryListModel.swift */; };
/* End PBXBuildFile section */

/* Begin PBXContainerItemProxy section */
		CF953D9D295604A90036BB97 /* PBXContainerItemProxy */ = {
			isa = PBXContainerItemProxy;
			containerPortal = CF953D7E295604A80036BB97 /* Project object */;
			proxyType = 1;
			remoteGlobalIDString = CF953D85295604A80036BB97;
			remoteInfo = KConnect;
		};
		CF953DA7295604A90036BB97 /* PBXContainerItemProxy */ = {
			isa = PBXContainerItemProxy;
			containerPortal = CF953D7E295604A80036BB97 /* Project object */;
			proxyType = 1;
			remoteGlobalIDString = CF953D85295604A80036BB97;
			remoteInfo = KConnect;
		};
/* End PBXContainerItemProxy section */

/* Begin PBXFileReference section */
		0CFAC64487FED63E3431901A /* Pods-KConnectTests.release.xcconfig */ = {isa = PBXFileReference; includeInIndex = 1; lastKnownFileType = text.xcconfig; name = "Pods-KConnectTests.release.xcconfig"; path = "Target Support Files/Pods-KConnectTests/Pods-KConnectTests.release.xcconfig"; sourceTree = "<group>"; };
		4C7FF1D60DA0F84015993203 /* Pods-KConnect-KConnectUITests.release.xcconfig */ = {isa = PBXFileReference; includeInIndex = 1; lastKnownFileType = text.xcconfig; name = "Pods-KConnect-KConnectUITests.release.xcconfig"; path = "Target Support Files/Pods-KConnect-KConnectUITests/Pods-KConnect-KConnectUITests.release.xcconfig"; sourceTree = "<group>"; };
		8AAABC69159600C11213955A /* Pods-KConnect-KConnectUITests.debug.xcconfig */ = {isa = PBXFileReference; includeInIndex = 1; lastKnownFileType = text.xcconfig; name = "Pods-KConnect-KConnectUITests.debug.xcconfig"; path = "Target Support Files/Pods-KConnect-KConnectUITests/Pods-KConnect-KConnectUITests.debug.xcconfig"; sourceTree = "<group>"; };
		97BCDA35BCAE27E8FA8908DD /* Pods-KConnect.debug.xcconfig */ = {isa = PBXFileReference; includeInIndex = 1; lastKnownFileType = text.xcconfig; name = "Pods-KConnect.debug.xcconfig"; path = "Target Support Files/Pods-KConnect/Pods-KConnect.debug.xcconfig"; sourceTree = "<group>"; };
		A3910FA786714EDBA0A21130 /* Pods-KConnectTests.debug.xcconfig */ = {isa = PBXFileReference; includeInIndex = 1; lastKnownFileType = text.xcconfig; name = "Pods-KConnectTests.debug.xcconfig"; path = "Target Support Files/Pods-KConnectTests/Pods-KConnectTests.debug.xcconfig"; sourceTree = "<group>"; };
		AB593727886D1F54F17B1A61 /* Pods_KConnect_KConnectUITests.framework */ = {isa = PBXFileReference; explicitFileType = wrapper.framework; includeInIndex = 0; path = Pods_KConnect_KConnectUITests.framework; sourceTree = BUILT_PRODUCTS_DIR; };
		CD165764D44D2F79824A31D9 /* Pods_KConnectTests.framework */ = {isa = PBXFileReference; explicitFileType = wrapper.framework; includeInIndex = 0; path = Pods_KConnectTests.framework; sourceTree = BUILT_PRODUCTS_DIR; };
		CF271BB529592B6C006ED19C /* EmployeeMainPage.swift */ = {isa = PBXFileReference; lastKnownFileType = sourcecode.swift; path = EmployeeMainPage.swift; sourceTree = "<group>"; };
		CF6900A22978D94200B46206 /* EmployeeVacationApplication.swift */ = {isa = PBXFileReference; lastKnownFileType = sourcecode.swift; path = EmployeeVacationApplication.swift; sourceTree = "<group>"; };
		CF953D86295604A80036BB97 /* KConnect.app */ = {isa = PBXFileReference; explicitFileType = wrapper.application; includeInIndex = 0; path = KConnect.app; sourceTree = BUILT_PRODUCTS_DIR; };
		CF953D89295604A80036BB97 /* AppDelegate.swift */ = {isa = PBXFileReference; lastKnownFileType = sourcecode.swift; path = AppDelegate.swift; sourceTree = "<group>"; };
		CF953D8B295604A80036BB97 /* SceneDelegate.swift */ = {isa = PBXFileReference; lastKnownFileType = sourcecode.swift; path = SceneDelegate.swift; sourceTree = "<group>"; };
		CF953D8D295604A80036BB97 /* ViewController.swift */ = {isa = PBXFileReference; lastKnownFileType = sourcecode.swift; path = ViewController.swift; sourceTree = "<group>"; };
		CF953D90295604A80036BB97 /* Base */ = {isa = PBXFileReference; lastKnownFileType = file.storyboard; name = Base; path = Base.lproj/Main.storyboard; sourceTree = "<group>"; };
		CF953D92295604A90036BB97 /* Assets.xcassets */ = {isa = PBXFileReference; lastKnownFileType = folder.assetcatalog; path = Assets.xcassets; sourceTree = "<group>"; };
		CF953D95295604A90036BB97 /* Base */ = {isa = PBXFileReference; lastKnownFileType = file.storyboard; name = Base; path = Base.lproj/LaunchScreen.storyboard; sourceTree = "<group>"; };
		CF953D97295604A90036BB97 /* Info.plist */ = {isa = PBXFileReference; lastKnownFileType = text.plist.xml; path = Info.plist; sourceTree = "<group>"; };
		CF953D9C295604A90036BB97 /* KConnectTests.xctest */ = {isa = PBXFileReference; explicitFileType = wrapper.cfbundle; includeInIndex = 0; path = KConnectTests.xctest; sourceTree = BUILT_PRODUCTS_DIR; };
		CF953DA0295604A90036BB97 /* KConnectTests.swift */ = {isa = PBXFileReference; lastKnownFileType = sourcecode.swift; path = KConnectTests.swift; sourceTree = "<group>"; };
		CF953DA6295604A90036BB97 /* KConnectUITests.xctest */ = {isa = PBXFileReference; explicitFileType = wrapper.cfbundle; includeInIndex = 0; path = KConnectUITests.xctest; sourceTree = BUILT_PRODUCTS_DIR; };
		CF953DAA295604A90036BB97 /* KConnectUITests.swift */ = {isa = PBXFileReference; lastKnownFileType = sourcecode.swift; path = KConnectUITests.swift; sourceTree = "<group>"; };
		CF953DAC295604A90036BB97 /* KConnectUITestsLaunchTests.swift */ = {isa = PBXFileReference; lastKnownFileType = sourcecode.swift; path = KConnectUITestsLaunchTests.swift; sourceTree = "<group>"; };
		CF953DBD29560F1C0036BB97 /* logo.png */ = {isa = PBXFileReference; lastKnownFileType = image.png; path = logo.png; sourceTree = "<group>"; };
		CFA15D5A29568DED0065D893 /* PwdChangeController.swift */ = {isa = PBXFileReference; lastKnownFileType = sourcecode.swift; path = PwdChangeController.swift; sourceTree = "<group>"; };
		CFA15D5D295697DC0065D893 /* LoginModel.swift */ = {isa = PBXFileReference; lastKnownFileType = sourcecode.swift; path = LoginModel.swift; sourceTree = "<group>"; };
		CFA15D5F295698CC0065D893 /* UserModel.swift */ = {isa = PBXFileReference; lastKnownFileType = sourcecode.swift; path = UserModel.swift; sourceTree = "<group>"; };
		CFA15D61295699330065D893 /* LoadingService.swift */ = {isa = PBXFileReference; lastKnownFileType = sourcecode.swift; path = LoadingService.swift; sourceTree = "<group>"; };
		CFA15D6629569FAE0065D893 /* EmployeeStoryboard.storyboard */ = {isa = PBXFileReference; lastKnownFileType = file.storyboard; path = EmployeeStoryboard.storyboard; sourceTree = "<group>"; };
		CFEC3E74295974B900D77FE3 /* ProfileModel.swift */ = {isa = PBXFileReference; lastKnownFileType = sourcecode.swift; path = ProfileModel.swift; sourceTree = "<group>"; };
		CFEC3E76295975C500D77FE3 /* VacationHistoryListModel.swift */ = {isa = PBXFileReference; lastKnownFileType = sourcecode.swift; path = VacationHistoryListModel.swift; sourceTree = "<group>"; };
		F1CC5055D924AEE3CD520F9F /* Pods_KConnect.framework */ = {isa = PBXFileReference; explicitFileType = wrapper.framework; includeInIndex = 0; path = Pods_KConnect.framework; sourceTree = BUILT_PRODUCTS_DIR; };
		FED98AAE3D3B6044243D338D /* Pods-KConnect.release.xcconfig */ = {isa = PBXFileReference; includeInIndex = 1; lastKnownFileType = text.xcconfig; name = "Pods-KConnect.release.xcconfig"; path = "Target Support Files/Pods-KConnect/Pods-KConnect.release.xcconfig"; sourceTree = "<group>"; };
/* End PBXFileReference section */

/* Begin PBXFrameworksBuildPhase section */
		CF953D83295604A80036BB97 /* Frameworks */ = {
			isa = PBXFrameworksBuildPhase;
			buildActionMask = 2147483647;
			files = (
				250EB31A41694047DCD893FB /* Pods_KConnect.framework in Frameworks */,
			);
			runOnlyForDeploymentPostprocessing = 0;
		};
		CF953D99295604A90036BB97 /* Frameworks */ = {
			isa = PBXFrameworksBuildPhase;
			buildActionMask = 2147483647;
			files = (
				B6944245ED019A561C95B965 /* Pods_KConnectTests.framework in Frameworks */,
			);
			runOnlyForDeploymentPostprocessing = 0;
		};
		CF953DA3295604A90036BB97 /* Frameworks */ = {
			isa = PBXFrameworksBuildPhase;
			buildActionMask = 2147483647;
			files = (
				5E6D792619D7921E1442680B /* Pods_KConnect_KConnectUITests.framework in Frameworks */,
			);
			runOnlyForDeploymentPostprocessing = 0;
		};
/* End PBXFrameworksBuildPhase section */

/* Begin PBXGroup section */
		96AC8C7289C49B12D37E3683 /* Frameworks */ = {
			isa = PBXGroup;
			children = (
				F1CC5055D924AEE3CD520F9F /* Pods_KConnect.framework */,
				AB593727886D1F54F17B1A61 /* Pods_KConnect_KConnectUITests.framework */,
				CD165764D44D2F79824A31D9 /* Pods_KConnectTests.framework */,
			);
			name = Frameworks;
			sourceTree = "<group>";
		};
		B94307F7C5E470C036488598 /* Pods */ = {
			isa = PBXGroup;
			children = (
				97BCDA35BCAE27E8FA8908DD /* Pods-KConnect.debug.xcconfig */,
				FED98AAE3D3B6044243D338D /* Pods-KConnect.release.xcconfig */,
				8AAABC69159600C11213955A /* Pods-KConnect-KConnectUITests.debug.xcconfig */,
				4C7FF1D60DA0F84015993203 /* Pods-KConnect-KConnectUITests.release.xcconfig */,
				A3910FA786714EDBA0A21130 /* Pods-KConnectTests.debug.xcconfig */,
				0CFAC64487FED63E3431901A /* Pods-KConnectTests.release.xcconfig */,
			);
			path = Pods;
			sourceTree = "<group>";
		};
		CF953D7D295604A80036BB97 = {
			isa = PBXGroup;
			children = (
				CF953D88295604A80036BB97 /* KConnect */,
				CF953D9F295604A90036BB97 /* KConnectTests */,
				CF953DA9295604A90036BB97 /* KConnectUITests */,
				CF953D87295604A80036BB97 /* Products */,
				B94307F7C5E470C036488598 /* Pods */,
				96AC8C7289C49B12D37E3683 /* Frameworks */,
			);
			sourceTree = "<group>";
		};
		CF953D87295604A80036BB97 /* Products */ = {
			isa = PBXGroup;
			children = (
				CF953D86295604A80036BB97 /* KConnect.app */,
				CF953D9C295604A90036BB97 /* KConnectTests.xctest */,
				CF953DA6295604A90036BB97 /* KConnectUITests.xctest */,
			);
			name = Products;
			sourceTree = "<group>";
		};
		CF953D88295604A80036BB97 /* KConnect */ = {
			isa = PBXGroup;
			children = (
				CFA15D5C295697C60065D893 /* Common */,
				CFA15D6529569F7F0065D893 /* Employee */,
				CF953D89295604A80036BB97 /* AppDelegate.swift */,
				CF953D8B295604A80036BB97 /* SceneDelegate.swift */,
				CF953D8D295604A80036BB97 /* ViewController.swift */,
				CFA15D5A29568DED0065D893 /* PwdChangeController.swift */,
				CF953D8F295604A80036BB97 /* Main.storyboard */,
				CF953D92295604A90036BB97 /* Assets.xcassets */,
				CF953DBD29560F1C0036BB97 /* logo.png */,
				CF953D94295604A90036BB97 /* LaunchScreen.storyboard */,
				CF953D97295604A90036BB97 /* Info.plist */,
			);
			path = KConnect;
			sourceTree = "<group>";
		};
		CF953D9F295604A90036BB97 /* KConnectTests */ = {
			isa = PBXGroup;
			children = (
				CF953DA0295604A90036BB97 /* KConnectTests.swift */,
			);
			path = KConnectTests;
			sourceTree = "<group>";
		};
		CF953DA9295604A90036BB97 /* KConnectUITests */ = {
			isa = PBXGroup;
			children = (
				CF953DAA295604A90036BB97 /* KConnectUITests.swift */,
				CF953DAC295604A90036BB97 /* KConnectUITestsLaunchTests.swift */,
			);
			path = KConnectUITests;
			sourceTree = "<group>";
		};
		CFA15D5C295697C60065D893 /* Common */ = {
			isa = PBXGroup;
			children = (
				CFA15D5D295697DC0065D893 /* LoginModel.swift */,
				CFA15D5F295698CC0065D893 /* UserModel.swift */,
				CFA15D61295699330065D893 /* LoadingService.swift */,
				CFEC3E74295974B900D77FE3 /* ProfileModel.swift */,
				CFEC3E76295975C500D77FE3 /* VacationHistoryListModel.swift */,
			);
			path = Common;
			sourceTree = "<group>";
		};
		CFA15D6529569F7F0065D893 /* Employee */ = {
			isa = PBXGroup;
			children = (
				CFA15D6629569FAE0065D893 /* EmployeeStoryboard.storyboard */,
				CF271BB529592B6C006ED19C /* EmployeeMainPage.swift */,
				CF6900A22978D94200B46206 /* EmployeeVacationApplication.swift */,
			);
			name = Employee;
			sourceTree = "<group>";
		};
/* End PBXGroup section */

/* Begin PBXNativeTarget section */
		CF953D85295604A80036BB97 /* KConnect */ = {
			isa = PBXNativeTarget;
			buildConfigurationList = CF953DB0295604A90036BB97 /* Build configuration list for PBXNativeTarget "KConnect" */;
			buildPhases = (
				C273261C0C59EC36FC1BB480 /* [CP] Check Pods Manifest.lock */,
				CF953D82295604A80036BB97 /* Sources */,
				CF953D83295604A80036BB97 /* Frameworks */,
				CF953D84295604A80036BB97 /* Resources */,
				3B2224273BF55D0DC99C1EDC /* [CP] Embed Pods Frameworks */,
			);
			buildRules = (
			);
			dependencies = (
			);
			name = KConnect;
			productName = KConnect;
			productReference = CF953D86295604A80036BB97 /* KConnect.app */;
			productType = "com.apple.product-type.application";
		};
		CF953D9B295604A90036BB97 /* KConnectTests */ = {
			isa = PBXNativeTarget;
			buildConfigurationList = CF953DB3295604A90036BB97 /* Build configuration list for PBXNativeTarget "KConnectTests" */;
			buildPhases = (
				49DFF4D969126F6C0991F400 /* [CP] Check Pods Manifest.lock */,
				CF953D98295604A90036BB97 /* Sources */,
				CF953D99295604A90036BB97 /* Frameworks */,
				CF953D9A295604A90036BB97 /* Resources */,
			);
			buildRules = (
			);
			dependencies = (
				CF953D9E295604A90036BB97 /* PBXTargetDependency */,
			);
			name = KConnectTests;
			productName = KConnectTests;
			productReference = CF953D9C295604A90036BB97 /* KConnectTests.xctest */;
			productType = "com.apple.product-type.bundle.unit-test";
		};
		CF953DA5295604A90036BB97 /* KConnectUITests */ = {
			isa = PBXNativeTarget;
			buildConfigurationList = CF953DB6295604A90036BB97 /* Build configuration list for PBXNativeTarget "KConnectUITests" */;
			buildPhases = (
				E28B7E2A8E3887965941C7B4 /* [CP] Check Pods Manifest.lock */,
				CF953DA2295604A90036BB97 /* Sources */,
				CF953DA3295604A90036BB97 /* Frameworks */,
				CF953DA4295604A90036BB97 /* Resources */,
				3BD641B3802EAD638A9BB92F /* [CP] Embed Pods Frameworks */,
			);
			buildRules = (
			);
			dependencies = (
				CF953DA8295604A90036BB97 /* PBXTargetDependency */,
			);
			name = KConnectUITests;
			productName = KConnectUITests;
			productReference = CF953DA6295604A90036BB97 /* KConnectUITests.xctest */;
			productType = "com.apple.product-type.bundle.ui-testing";
		};
/* End PBXNativeTarget section */

/* Begin PBXProject section */
		CF953D7E295604A80036BB97 /* Project object */ = {
			isa = PBXProject;
			attributes = {
				BuildIndependentTargetsInParallel = 1;
				LastSwiftUpdateCheck = 1330;
				LastUpgradeCheck = 1330;
				TargetAttributes = {
					CF953D85295604A80036BB97 = {
						CreatedOnToolsVersion = 13.3;
					};
					CF953D9B295604A90036BB97 = {
						CreatedOnToolsVersion = 13.3;
						TestTargetID = CF953D85295604A80036BB97;
					};
					CF953DA5295604A90036BB97 = {
						CreatedOnToolsVersion = 13.3;
						TestTargetID = CF953D85295604A80036BB97;
					};
				};
			};
			buildConfigurationList = CF953D81295604A80036BB97 /* Build configuration list for PBXProject "KConnect" */;
			compatibilityVersion = "Xcode 13.0";
			developmentRegion = en;
			hasScannedForEncodings = 0;
			knownRegions = (
				en,
				Base,
			);
			mainGroup = CF953D7D295604A80036BB97;
			productRefGroup = CF953D87295604A80036BB97 /* Products */;
			projectDirPath = "";
			projectRoot = "";
			targets = (
				CF953D85295604A80036BB97 /* KConnect */,
				CF953D9B295604A90036BB97 /* KConnectTests */,
				CF953DA5295604A90036BB97 /* KConnectUITests */,
			);
		};
/* End PBXProject section */

/* Begin PBXResourcesBuildPhase section */
		CF953D84295604A80036BB97 /* Resources */ = {
			isa = PBXResourcesBuildPhase;
			buildActionMask = 2147483647;
			files = (
				CF953DBE29560F1C0036BB97 /* logo.png in Resources */,
				CF953D96295604A90036BB97 /* LaunchScreen.storyboard in Resources */,
				CF953D93295604A90036BB97 /* Assets.xcassets in Resources */,
				CFA15D6729569FAE0065D893 /* EmployeeStoryboard.storyboard in Resources */,
				CF953D91295604A80036BB97 /* Main.storyboard in Resources */,
			);
			runOnlyForDeploymentPostprocessing = 0;
		};
		CF953D9A295604A90036BB97 /* Resources */ = {
			isa = PBXResourcesBuildPhase;
			buildActionMask = 2147483647;
			files = (
			);
			runOnlyForDeploymentPostprocessing = 0;
		};
		CF953DA4295604A90036BB97 /* Resources */ = {
			isa = PBXResourcesBuildPhase;
			buildActionMask = 2147483647;
			files = (
			);
			runOnlyForDeploymentPostprocessing = 0;
		};
/* End PBXResourcesBuildPhase section */

/* Begin PBXShellScriptBuildPhase section */
		3B2224273BF55D0DC99C1EDC /* [CP] Embed Pods Frameworks */ = {
			isa = PBXShellScriptBuildPhase;
			buildActionMask = 2147483647;
			files = (
			);
			inputFileListPaths = (
				"${PODS_ROOT}/Target Support Files/Pods-KConnect/Pods-KConnect-frameworks-${CONFIGURATION}-input-files.xcfilelist",
			);
			name = "[CP] Embed Pods Frameworks";
			outputFileListPaths = (
				"${PODS_ROOT}/Target Support Files/Pods-KConnect/Pods-KConnect-frameworks-${CONFIGURATION}-output-files.xcfilelist",
			);
			runOnlyForDeploymentPostprocessing = 0;
			shellPath = /bin/sh;
			shellScript = "\"${PODS_ROOT}/Target Support Files/Pods-KConnect/Pods-KConnect-frameworks.sh\"\n";
			showEnvVarsInLog = 0;
		};
		3BD641B3802EAD638A9BB92F /* [CP] Embed Pods Frameworks */ = {
			isa = PBXShellScriptBuildPhase;
			buildActionMask = 2147483647;
			files = (
			);
			inputFileListPaths = (
				"${PODS_ROOT}/Target Support Files/Pods-KConnect-KConnectUITests/Pods-KConnect-KConnectUITests-frameworks-${CONFIGURATION}-input-files.xcfilelist",
			);
			name = "[CP] Embed Pods Frameworks";
			outputFileListPaths = (
				"${PODS_ROOT}/Target Support Files/Pods-KConnect-KConnectUITests/Pods-KConnect-KConnectUITests-frameworks-${CONFIGURATION}-output-files.xcfilelist",
			);
			runOnlyForDeploymentPostprocessing = 0;
			shellPath = /bin/sh;
			shellScript = "\"${PODS_ROOT}/Target Support Files/Pods-KConnect-KConnectUITests/Pods-KConnect-KConnectUITests-frameworks.sh\"\n";
			showEnvVarsInLog = 0;
		};
		49DFF4D969126F6C0991F400 /* [CP] Check Pods Manifest.lock */ = {
			isa = PBXShellScriptBuildPhase;
			buildActionMask = 2147483647;
			files = (
			);
			inputFileListPaths = (
			);
			inputPaths = (
				"${PODS_PODFILE_DIR_PATH}/Podfile.lock",
				"${PODS_ROOT}/Manifest.lock",
			);
			name = "[CP] Check Pods Manifest.lock";
			outputFileListPaths = (
			);
			outputPaths = (
				"$(DERIVED_FILE_DIR)/Pods-KConnectTests-checkManifestLockResult.txt",
			);
			runOnlyForDeploymentPostprocessing = 0;
			shellPath = /bin/sh;
			shellScript = "diff \"${PODS_PODFILE_DIR_PATH}/Podfile.lock\" \"${PODS_ROOT}/Manifest.lock\" > /dev/null\nif [ $? != 0 ] ; then\n    # print error to STDERR\n    echo \"error: The sandbox is not in sync with the Podfile.lock. Run 'pod install' or update your CocoaPods installation.\" >&2\n    exit 1\nfi\n# This output is used by Xcode 'outputs' to avoid re-running this script phase.\necho \"SUCCESS\" > \"${SCRIPT_OUTPUT_FILE_0}\"\n";
			showEnvVarsInLog = 0;
		};
		C273261C0C59EC36FC1BB480 /* [CP] Check Pods Manifest.lock */ = {
			isa = PBXShellScriptBuildPhase;
			buildActionMask = 2147483647;
			files = (
			);
			inputFileListPaths = (
			);
			inputPaths = (
				"${PODS_PODFILE_DIR_PATH}/Podfile.lock",
				"${PODS_ROOT}/Manifest.lock",
			);
			name = "[CP] Check Pods Manifest.lock";
			outputFileListPaths = (
			);
			outputPaths = (
				"$(DERIVED_FILE_DIR)/Pods-KConnect-checkManifestLockResult.txt",
			);
			runOnlyForDeploymentPostprocessing = 0;
			shellPath = /bin/sh;
			shellScript = "diff \"${PODS_PODFILE_DIR_PATH}/Podfile.lock\" \"${PODS_ROOT}/Manifest.lock\" > /dev/null\nif [ $? != 0 ] ; then\n    # print error to STDERR\n    echo \"error: The sandbox is not in sync with the Podfile.lock. Run 'pod install' or update your CocoaPods installation.\" >&2\n    exit 1\nfi\n# This output is used by Xcode 'outputs' to avoid re-running this script phase.\necho \"SUCCESS\" > \"${SCRIPT_OUTPUT_FILE_0}\"\n";
			showEnvVarsInLog = 0;
		};
		E28B7E2A8E3887965941C7B4 /* [CP] Check Pods Manifest.lock */ = {
			isa = PBXShellScriptBuildPhase;
			buildActionMask = 2147483647;
			files = (
			);
			inputFileListPaths = (
			);
			inputPaths = (
				"${PODS_PODFILE_DIR_PATH}/Podfile.lock",
				"${PODS_ROOT}/Manifest.lock",
			);
			name = "[CP] Check Pods Manifest.lock";
			outputFileListPaths = (
			);
			outputPaths = (
				"$(DERIVED_FILE_DIR)/Pods-KConnect-KConnectUITests-checkManifestLockResult.txt",
			);
			runOnlyForDeploymentPostprocessing = 0;
			shellPath = /bin/sh;
			shellScript = "diff \"${PODS_PODFILE_DIR_PATH}/Podfile.lock\" \"${PODS_ROOT}/Manifest.lock\" > /dev/null\nif [ $? != 0 ] ; then\n    # print error to STDERR\n    echo \"error: The sandbox is not in sync with the Podfile.lock. Run 'pod install' or update your CocoaPods installation.\" >&2\n    exit 1\nfi\n# This output is used by Xcode 'outputs' to avoid re-running this script phase.\necho \"SUCCESS\" > \"${SCRIPT_OUTPUT_FILE_0}\"\n";
			showEnvVarsInLog = 0;
		};
/* End PBXShellScriptBuildPhase section */

/* Begin PBXSourcesBuildPhase section */
		CF953D82295604A80036BB97 /* Sources */ = {
			isa = PBXSourcesBuildPhase;
			buildActionMask = 2147483647;
			files = (
				CFEC3E75295974B900D77FE3 /* ProfileModel.swift in Sources */,
				CFEC3E77295975C500D77FE3 /* VacationHistoryListModel.swift in Sources */,
				CFA15D5E295697DC0065D893 /* LoginModel.swift in Sources */,
				CF953D8E295604A80036BB97 /* ViewController.swift in Sources */,
				CFA15D5B29568DED0065D893 /* PwdChangeController.swift in Sources */,
				CF271BB629592B6C006ED19C /* EmployeeMainPage.swift in Sources */,
				CF953D8A295604A80036BB97 /* AppDelegate.swift in Sources */,
				CFA15D60295698CC0065D893 /* UserModel.swift in Sources */,
				CFA15D62295699330065D893 /* LoadingService.swift in Sources */,
				CF6900A32978D94200B46206 /* EmployeeVacationApplication.swift in Sources */,
				CF953D8C295604A80036BB97 /* SceneDelegate.swift in Sources */,
			);
			runOnlyForDeploymentPostprocessing = 0;
		};
		CF953D98295604A90036BB97 /* Sources */ = {
			isa = PBXSourcesBuildPhase;
			buildActionMask = 2147483647;
			files = (
				CF953DA1295604A90036BB97 /* KConnectTests.swift in Sources */,
			);
			runOnlyForDeploymentPostprocessing = 0;
		};
		CF953DA2295604A90036BB97 /* Sources */ = {
			isa = PBXSourcesBuildPhase;
			buildActionMask = 2147483647;
			files = (
				CF953DAD295604A90036BB97 /* KConnectUITestsLaunchTests.swift in Sources */,
				CF953DAB295604A90036BB97 /* KConnectUITests.swift in Sources */,
			);
			runOnlyForDeploymentPostprocessing = 0;
		};
/* End PBXSourcesBuildPhase section */

/* Begin PBXTargetDependency section */
		CF953D9E295604A90036BB97 /* PBXTargetDependency */ = {
			isa = PBXTargetDependency;
			target = CF953D85295604A80036BB97 /* KConnect */;
			targetProxy = CF953D9D295604A90036BB97 /* PBXContainerItemProxy */;
		};
		CF953DA8295604A90036BB97 /* PBXTargetDependency */ = {
			isa = PBXTargetDependency;
			target = CF953D85295604A80036BB97 /* KConnect */;
			targetProxy = CF953DA7295604A90036BB97 /* PBXContainerItemProxy */;
		};
/* End PBXTargetDependency section */

/* Begin PBXVariantGroup section */
		CF953D8F295604A80036BB97 /* Main.storyboard */ = {
			isa = PBXVariantGroup;
			children = (
				CF953D90295604A80036BB97 /* Base */,
			);
			name = Main.storyboard;
			sourceTree = "<group>";
		};
		CF953D94295604A90036BB97 /* LaunchScreen.storyboard */ = {
			isa = PBXVariantGroup;
			children = (
				CF953D95295604A90036BB97 /* Base */,
			);
			name = LaunchScreen.storyboard;
			sourceTree = "<group>";
		};
/* End PBXVariantGroup section */

/* Begin XCBuildConfiguration section */
		CF953DAE295604A90036BB97 /* Debug */ = {
			isa = XCBuildConfiguration;
			buildSettings = {
				ALWAYS_SEARCH_USER_PATHS = NO;
				CLANG_ANALYZER_NONNULL = YES;
				CLANG_ANALYZER_NUMBER_OBJECT_CONVERSION = YES_AGGRESSIVE;
				CLANG_CXX_LANGUAGE_STANDARD = "gnu++17";
				CLANG_ENABLE_MODULES = YES;
				CLANG_ENABLE_OBJC_ARC = YES;
				CLANG_ENABLE_OBJC_WEAK = YES;
				CLANG_WARN_BLOCK_CAPTURE_AUTORELEASING = YES;
				CLANG_WARN_BOOL_CONVERSION = YES;
				CLANG_WARN_COMMA = YES;
				CLANG_WARN_CONSTANT_CONVERSION = YES;
				CLANG_WARN_DEPRECATED_OBJC_IMPLEMENTATIONS = YES;
				CLANG_WARN_DIRECT_OBJC_ISA_USAGE = YES_ERROR;
				CLANG_WARN_DOCUMENTATION_COMMENTS = YES;
				CLANG_WARN_EMPTY_BODY = YES;
				CLANG_WARN_ENUM_CONVERSION = YES;
				CLANG_WARN_INFINITE_RECURSION = YES;
				CLANG_WARN_INT_CONVERSION = YES;
				CLANG_WARN_NON_LITERAL_NULL_CONVERSION = YES;
				CLANG_WARN_OBJC_IMPLICIT_RETAIN_SELF = YES;
				CLANG_WARN_OBJC_LITERAL_CONVERSION = YES;
				CLANG_WARN_OBJC_ROOT_CLASS = YES_ERROR;
				CLANG_WARN_QUOTED_INCLUDE_IN_FRAMEWORK_HEADER = YES;
				CLANG_WARN_RANGE_LOOP_ANALYSIS = YES;
				CLANG_WARN_STRICT_PROTOTYPES = YES;
				CLANG_WARN_SUSPICIOUS_MOVE = YES;
				CLANG_WARN_UNGUARDED_AVAILABILITY = YES_AGGRESSIVE;
				CLANG_WARN_UNREACHABLE_CODE = YES;
				CLANG_WARN__DUPLICATE_METHOD_MATCH = YES;
				COPY_PHASE_STRIP = NO;
				DEBUG_INFORMATION_FORMAT = dwarf;
				ENABLE_STRICT_OBJC_MSGSEND = YES;
				ENABLE_TESTABILITY = YES;
				GCC_C_LANGUAGE_STANDARD = gnu11;
				GCC_DYNAMIC_NO_PIC = NO;
				GCC_NO_COMMON_BLOCKS = YES;
				GCC_OPTIMIZATION_LEVEL = 0;
				GCC_PREPROCESSOR_DEFINITIONS = (
					"DEBUG=1",
					"$(inherited)",
				);
				GCC_WARN_64_TO_32_BIT_CONVERSION = YES;
				GCC_WARN_ABOUT_RETURN_TYPE = YES_ERROR;
				GCC_WARN_UNDECLARED_SELECTOR = YES;
				GCC_WARN_UNINITIALIZED_AUTOS = YES_AGGRESSIVE;
				GCC_WARN_UNUSED_FUNCTION = YES;
				GCC_WARN_UNUSED_VARIABLE = YES;
				IPHONEOS_DEPLOYMENT_TARGET = 15.4;
				MTL_ENABLE_DEBUG_INFO = INCLUDE_SOURCE;
				MTL_FAST_MATH = YES;
				ONLY_ACTIVE_ARCH = YES;
				SDKROOT = iphoneos;
				SWIFT_ACTIVE_COMPILATION_CONDITIONS = DEBUG;
				SWIFT_OPTIMIZATION_LEVEL = "-Onone";
			};
			name = Debug;
		};
		CF953DAF295604A90036BB97 /* Release */ = {
			isa = XCBuildConfiguration;
			buildSettings = {
				ALWAYS_SEARCH_USER_PATHS = NO;
				CLANG_ANALYZER_NONNULL = YES;
				CLANG_ANALYZER_NUMBER_OBJECT_CONVERSION = YES_AGGRESSIVE;
				CLANG_CXX_LANGUAGE_STANDARD = "gnu++17";
				CLANG_ENABLE_MODULES = YES;
				CLANG_ENABLE_OBJC_ARC = YES;
				CLANG_ENABLE_OBJC_WEAK = YES;
				CLANG_WARN_BLOCK_CAPTURE_AUTORELEASING = YES;
				CLANG_WARN_BOOL_CONVERSION = YES;
				CLANG_WARN_COMMA = YES;
				CLANG_WARN_CONSTANT_CONVERSION = YES;
				CLANG_WARN_DEPRECATED_OBJC_IMPLEMENTATIONS = YES;
				CLANG_WARN_DIRECT_OBJC_ISA_USAGE = YES_ERROR;
				CLANG_WARN_DOCUMENTATION_COMMENTS = YES;
				CLANG_WARN_EMPTY_BODY = YES;
				CLANG_WARN_ENUM_CONVERSION = YES;
				CLANG_WARN_INFINITE_RECURSION = YES;
				CLANG_WARN_INT_CONVERSION = YES;
				CLANG_WARN_NON_LITERAL_NULL_CONVERSION = YES;
				CLANG_WARN_OBJC_IMPLICIT_RETAIN_SELF = YES;
				CLANG_WARN_OBJC_LITERAL_CONVERSION = YES;
				CLANG_WARN_OBJC_ROOT_CLASS = YES_ERROR;
				CLANG_WARN_QUOTED_INCLUDE_IN_FRAMEWORK_HEADER = YES;
				CLANG_WARN_RANGE_LOOP_ANALYSIS = YES;
				CLANG_WARN_STRICT_PROTOTYPES = YES;
				CLANG_WARN_SUSPICIOUS_MOVE = YES;
				CLANG_WARN_UNGUARDED_AVAILABILITY = YES_AGGRESSIVE;
				CLANG_WARN_UNREACHABLE_CODE = YES;
				CLANG_WARN__DUPLICATE_METHOD_MATCH = YES;
				COPY_PHASE_STRIP = NO;
				DEBUG_INFORMATION_FORMAT = "dwarf-with-dsym";
				ENABLE_NS_ASSERTIONS = NO;
				ENABLE_STRICT_OBJC_MSGSEND = YES;
				GCC_C_LANGUAGE_STANDARD = gnu11;
				GCC_NO_COMMON_BLOCKS = YES;
				GCC_WARN_64_TO_32_BIT_CONVERSION = YES;
				GCC_WARN_ABOUT_RETURN_TYPE = YES_ERROR;
				GCC_WARN_UNDECLARED_SELECTOR = YES;
				GCC_WARN_UNINITIALIZED_AUTOS = YES_AGGRESSIVE;
				GCC_WARN_UNUSED_FUNCTION = YES;
				GCC_WARN_UNUSED_VARIABLE = YES;
				IPHONEOS_DEPLOYMENT_TARGET = 15.4;
				MTL_ENABLE_DEBUG_INFO = NO;
				MTL_FAST_MATH = YES;
				SDKROOT = iphoneos;
				SWIFT_COMPILATION_MODE = wholemodule;
				SWIFT_OPTIMIZATION_LEVEL = "-O";
				VALIDATE_PRODUCT = YES;
			};
			name = Release;
		};
		CF953DB1295604A90036BB97 /* Debug */ = {
			isa = XCBuildConfiguration;
			baseConfigurationReference = 97BCDA35BCAE27E8FA8908DD /* Pods-KConnect.debug.xcconfig */;
			buildSettings = {
				ASSETCATALOG_COMPILER_APPICON_NAME = AppIcon;
				ASSETCATALOG_COMPILER_GLOBAL_ACCENT_COLOR_NAME = AccentColor;
				CODE_SIGN_STYLE = Automatic;
				CURRENT_PROJECT_VERSION = 1;
				DEVELOPMENT_TEAM = 2HUVC9AWHR;
				GENERATE_INFOPLIST_FILE = YES;
				INFOPLIST_FILE = KConnect/Info.plist;
				INFOPLIST_KEY_UIApplicationSupportsIndirectInputEvents = YES;
				INFOPLIST_KEY_UILaunchStoryboardName = LaunchScreen;
				INFOPLIST_KEY_UIMainStoryboardFile = Main;
				INFOPLIST_KEY_UISupportedInterfaceOrientations_iPad = "UIInterfaceOrientationPortrait UIInterfaceOrientationPortraitUpsideDown UIInterfaceOrientationLandscapeLeft UIInterfaceOrientationLandscapeRight";
				INFOPLIST_KEY_UISupportedInterfaceOrientations_iPhone = UIInterfaceOrientationPortrait;
				INFOPLIST_KEY_UIUserInterfaceStyle = Light;
				LD_RUNPATH_SEARCH_PATHS = (
					"$(inherited)",
					"@executable_path/Frameworks",
				);
				MARKETING_VERSION = 1.0;
				PRODUCT_BUNDLE_IDENTIFIER = Ljunhyeob.KConnect;
				PRODUCT_NAME = "$(TARGET_NAME)";
				SWIFT_EMIT_LOC_STRINGS = YES;
				SWIFT_VERSION = 5.0;
				TARGETED_DEVICE_FAMILY = "1,2";
			};
			name = Debug;
		};
		CF953DB2295604A90036BB97 /* Release */ = {
			isa = XCBuildConfiguration;
			baseConfigurationReference = FED98AAE3D3B6044243D338D /* Pods-KConnect.release.xcconfig */;
			buildSettings = {
				ASSETCATALOG_COMPILER_APPICON_NAME = AppIcon;
				ASSETCATALOG_COMPILER_GLOBAL_ACCENT_COLOR_NAME = AccentColor;
				CODE_SIGN_STYLE = Automatic;
				CURRENT_PROJECT_VERSION = 1;
				DEVELOPMENT_TEAM = 2HUVC9AWHR;
				GENERATE_INFOPLIST_FILE = YES;
				INFOPLIST_FILE = KConnect/Info.plist;
				INFOPLIST_KEY_UIApplicationSupportsIndirectInputEvents = YES;
				INFOPLIST_KEY_UILaunchStoryboardName = LaunchScreen;
				INFOPLIST_KEY_UIMainStoryboardFile = Main;
				INFOPLIST_KEY_UISupportedInterfaceOrientations_iPad = "UIInterfaceOrientationPortrait UIInterfaceOrientationPortraitUpsideDown UIInterfaceOrientationLandscapeLeft UIInterfaceOrientationLandscapeRight";
				INFOPLIST_KEY_UISupportedInterfaceOrientations_iPhone = UIInterfaceOrientationPortrait;
				INFOPLIST_KEY_UIUserInterfaceStyle = Light;
				LD_RUNPATH_SEARCH_PATHS = (
					"$(inherited)",
					"@executable_path/Frameworks",
				);
				MARKETING_VERSION = 1.0;
				PRODUCT_BUNDLE_IDENTIFIER = Ljunhyeob.KConnect;
				PRODUCT_NAME = "$(TARGET_NAME)";
				SWIFT_EMIT_LOC_STRINGS = YES;
				SWIFT_VERSION = 5.0;
				TARGETED_DEVICE_FAMILY = "1,2";
			};
			name = Release;
		};
		CF953DB4295604A90036BB97 /* Debug */ = {
			isa = XCBuildConfiguration;
			baseConfigurationReference = A3910FA786714EDBA0A21130 /* Pods-KConnectTests.debug.xcconfig */;
			buildSettings = {
				ALWAYS_EMBED_SWIFT_STANDARD_LIBRARIES = YES;
				BUNDLE_LOADER = "$(TEST_HOST)";
				CODE_SIGN_STYLE = Automatic;
				CURRENT_PROJECT_VERSION = 1;
				GENERATE_INFOPLIST_FILE = YES;
				IPHONEOS_DEPLOYMENT_TARGET = 15.4;
				MARKETING_VERSION = 1.0;
				PRODUCT_BUNDLE_IDENTIFIER = Ljunhyeob.KConnectTests;
				PRODUCT_NAME = "$(TARGET_NAME)";
				SWIFT_EMIT_LOC_STRINGS = NO;
				SWIFT_VERSION = 5.0;
				TARGETED_DEVICE_FAMILY = "1,2";
				TEST_HOST = "$(BUILT_PRODUCTS_DIR)/KConnect.app/KConnect";
			};
			name = Debug;
		};
		CF953DB5295604A90036BB97 /* Release */ = {
			isa = XCBuildConfiguration;
			baseConfigurationReference = 0CFAC64487FED63E3431901A /* Pods-KConnectTests.release.xcconfig */;
			buildSettings = {
				ALWAYS_EMBED_SWIFT_STANDARD_LIBRARIES = YES;
				BUNDLE_LOADER = "$(TEST_HOST)";
				CODE_SIGN_STYLE = Automatic;
				CURRENT_PROJECT_VERSION = 1;
				GENERATE_INFOPLIST_FILE = YES;
				IPHONEOS_DEPLOYMENT_TARGET = 15.4;
				MARKETING_VERSION = 1.0;
				PRODUCT_BUNDLE_IDENTIFIER = Ljunhyeob.KConnectTests;
				PRODUCT_NAME = "$(TARGET_NAME)";
				SWIFT_EMIT_LOC_STRINGS = NO;
				SWIFT_VERSION = 5.0;
				TARGETED_DEVICE_FAMILY = "1,2";
				TEST_HOST = "$(BUILT_PRODUCTS_DIR)/KConnect.app/KConnect";
			};
			name = Release;
		};
		CF953DB7295604A90036BB97 /* Debug */ = {
			isa = XCBuildConfiguration;
			baseConfigurationReference = 8AAABC69159600C11213955A /* Pods-KConnect-KConnectUITests.debug.xcconfig */;
			buildSettings = {
				ALWAYS_EMBED_SWIFT_STANDARD_LIBRARIES = YES;
				CODE_SIGN_STYLE = Automatic;
				CURRENT_PROJECT_VERSION = 1;
				GENERATE_INFOPLIST_FILE = YES;
				MARKETING_VERSION = 1.0;
				PRODUCT_BUNDLE_IDENTIFIER = Ljunhyeob.KConnectUITests;
				PRODUCT_NAME = "$(TARGET_NAME)";
				SWIFT_EMIT_LOC_STRINGS = NO;
				SWIFT_VERSION = 5.0;
				TARGETED_DEVICE_FAMILY = "1,2";
				TEST_TARGET_NAME = KConnect;
			};
			name = Debug;
		};
		CF953DB8295604A90036BB97 /* Release */ = {
			isa = XCBuildConfiguration;
			baseConfigurationReference = 4C7FF1D60DA0F84015993203 /* Pods-KConnect-KConnectUITests.release.xcconfig */;
			buildSettings = {
				ALWAYS_EMBED_SWIFT_STANDARD_LIBRARIES = YES;
				CODE_SIGN_STYLE = Automatic;
				CURRENT_PROJECT_VERSION = 1;
				GENERATE_INFOPLIST_FILE = YES;
				MARKETING_VERSION = 1.0;
				PRODUCT_BUNDLE_IDENTIFIER = Ljunhyeob.KConnectUITests;
				PRODUCT_NAME = "$(TARGET_NAME)";
				SWIFT_EMIT_LOC_STRINGS = NO;
				SWIFT_VERSION = 5.0;
				TARGETED_DEVICE_FAMILY = "1,2";
				TEST_TARGET_NAME = KConnect;
			};
			name = Release;
		};
/* End XCBuildConfiguration section */

/* Begin XCConfigurationList section */
		CF953D81295604A80036BB97 /* Build configuration list for PBXProject "KConnect" */ = {
			isa = XCConfigurationList;
			buildConfigurations = (
				CF953DAE295604A90036BB97 /* Debug */,
				CF953DAF295604A90036BB97 /* Release */,
			);
			defaultConfigurationIsVisible = 0;
			defaultConfigurationName = Release;
		};
		CF953DB0295604A90036BB97 /* Build configuration list for PBXNativeTarget "KConnect" */ = {
			isa = XCConfigurationList;
			buildConfigurations = (
				CF953DB1295604A90036BB97 /* Debug */,
				CF953DB2295604A90036BB97 /* Release */,
			);
			defaultConfigurationIsVisible = 0;
			defaultConfigurationName = Release;
		};
		CF953DB3295604A90036BB97 /* Build configuration list for PBXNativeTarget "KConnectTests" */ = {
			isa = XCConfigurationList;
			buildConfigurations = (
				CF953DB4295604A90036BB97 /* Debug */,
				CF953DB5295604A90036BB97 /* Release */,
			);
			defaultConfigurationIsVisible = 0;
			defaultConfigurationName = Release;
		};
		CF953DB6295604A90036BB97 /* Build configuration list for PBXNativeTarget "KConnectUITests" */ = {
			isa = XCConfigurationList;
			buildConfigurations = (
				CF953DB7295604A90036BB97 /* Debug */,
				CF953DB8295604A90036BB97 /* Release */,
			);
			defaultConfigurationIsVisible = 0;
			defaultConfigurationName = Release;
		};
/* End XCConfigurationList section */
	};
	rootObject = CF953D7E295604A80036BB97 /* Project object */;
}
